
Microsoft Visual Studio Solution File, Format Version 12.00
Project("{FAE04EC0-301F-11D3-BF4B-00C04F79EFBC}") = "import-stations", "import-stations\import-stations.csproj", "{A74DE482-6E3E-4B8F-8240-945A9883A66C}"
EndProject
Global
	GlobalSection(SolutionConfigurationPlatforms) = preSolution
		Debug|Any CPU = Debug|Any CPU
		Release|Any CPU = Release|Any CPU
	EndGlobalSection
	GlobalSection(ProjectConfigurationPlatforms) = postSolution
		{A74DE482-6E3E-4B8F-8240-945A9883A66C}.Debug|Any CPU.ActiveCfg = Debug|Any CPU
		{A74DE482-6E3E-4B8F-8240-945A9883A66C}.Debug|Any CPU.Build.0 = Debug|Any CPU
		{A74DE482-6E3E-4B8F-8240-945A9883A66C}.Release|Any CPU.ActiveCfg = Release|Any CPU
		{A74DE482-6E3E-4B8F-8240-945A9883A66C}.Release|Any CPU.Build.0 = Release|Any CPU
	EndGlobalSection
EndGlobal
